
Microsoft Visual Studio Solution File, Format Version 12.00
# Visual Studio Version 17
VisualStudioVersion = 17.11.35303.130
MinimumVisualStudioVersion = 10.0.40219.1
Project("{2150E333-8FDC-42A3-9474-1A3956D46DE8}") = "Task0", "Task0", "{5D385A14-B727-4EC1-BE15-3C68A70E996B}"
EndProject
Project("{9A19103F-16F7-4668-BE54-9A1E7A4F7556}") = "Tyuiu.KulkoDA.Sprint5.Task0.V27", "Tyuiu.KulkoDA.Sprint5.Task0.V27\Tyuiu.KulkoDA.Sprint5.Task0.V27.csproj", "{B964D452-480B-4DF8-A1E4-78C0430492B4}"
EndProject
Project("{9A19103F-16F7-4668-BE54-9A1E7A4F7556}") = "Tyuiu.KulkoDA.Sprint5.Task0.V27.Lib", "Tyuiu.KulkoDA.Sprint5.Task0.V27.Lib\Tyuiu.KulkoDA.Sprint5.Task0.V27.Lib.csproj", "{B958E0F8-BE05-42D7-9110-E0D36A6189E2}"
EndProject
Project("{9A19103F-16F7-4668-BE54-9A1E7A4F7556}") = "Tyuiu.KulkoDA.Sprint5.Task0.V27.Test", "Tyuiu.KulkoDA.Sprint5.Task0.V27.Test\Tyuiu.KulkoDA.Sprint5.Task0.V27.Test.csproj", "{EBD39D17-6A76-496B-A3D5-D66E633C02FF}"
EndProject
Project("{2150E333-8FDC-42A3-9474-1A3956D46DE8}") = "Task1", "Task1", "{D9CCE1E0-D042-4D3E-94F0-7AE538EAAFCD}"
EndProject
Project("{9A19103F-16F7-4668-BE54-9A1E7A4F7556}") = "Tyuiu.KulkoDA.Sprint5.Task1.V4", "Tyuiu.KulkoDA.Sprint5.Task1.V4\Tyuiu.KulkoDA.Sprint5.Task1.V4.csproj", "{CABBE315-DB3C-4C15-9251-3CB8A6D172B9}"
EndProject
Project("{9A19103F-16F7-4668-BE54-9A1E7A4F7556}") = "Tyuiu.KulkoDA.Sprint5.Task1.V4.Lib", "Tyuiu.KulkoDA.Sprint5.Task1.V4.Lib\Tyuiu.KulkoDA.Sprint5.Task1.V4.Lib.csproj", "{E8BEFDF3-96E5-43F1-9660-F17BFF6BF4D8}"
EndProject
Project("{9A19103F-16F7-4668-BE54-9A1E7A4F7556}") = "Tyuiu.KulkoDA.Sprint5.Task1.V4.Test", "Tyuiu.KulkoDA.Sprint5.Task1.V4.Test\Tyuiu.KulkoDA.Sprint5.Task1.V4.Test.csproj", "{F5B02C79-3A38-4E98-89C0-B87B544E4925}"
EndProject
Project("{2150E333-8FDC-42A3-9474-1A3956D46DE8}") = "Task2", "Task2", "{F7E5FE6F-6BD7-4239-A3F9-2E1B01B0F66F}"
EndProject
Project("{9A19103F-16F7-4668-BE54-9A1E7A4F7556}") = "Tyuiu.KulkoDA.Sprint5.Task2.V5", "Tyuiu.KulkoDA.Sprint5.Task2.V5\Tyuiu.KulkoDA.Sprint5.Task2.V5.csproj", "{1653785E-5254-4EC4-BD22-F2D6B960559D}"
EndProject
Project("{9A19103F-16F7-4668-BE54-9A1E7A4F7556}") = "Tyuiu.KulkoDA.Sprint5.Task2.V5.Lib", "Tyuiu.KulkoDA.Sprint5.Task2.V5.Lib\Tyuiu.KulkoDA.Sprint5.Task2.V5.Lib.csproj", "{AEF6096D-2417-49CB-9FD3-B7DF5007DE63}"
EndProject
Project("{9A19103F-16F7-4668-BE54-9A1E7A4F7556}") = "Tyuiu.KulkoDA.Sprint5.Task2.V5.Test", "Tyuiu.KulkoDA.Sprint5.Task2.V5.Test\Tyuiu.KulkoDA.Sprint5.Task2.V5.Test.csproj", "{39844AA4-D593-47B2-A721-7A47F615B53A}"
EndProject
Project("{2150E333-8FDC-42A3-9474-1A3956D46DE8}") = "Task3", "Task3", "{E2DF475A-8085-495B-B58E-44376D381745}"
EndProject
Project("{9A19103F-16F7-4668-BE54-9A1E7A4F7556}") = "Tyuiu.KulkoDA.Sprint5.Task3.V6", "Tyuiu.KulkoDA.Sprint5.Task3.V6\Tyuiu.KulkoDA.Sprint5.Task3.V6.csproj", "{F82CF990-85F1-4D29-B713-8949E0AAC50C}"
EndProject
Project("{9A19103F-16F7-4668-BE54-9A1E7A4F7556}") = "Tyuiu.KulkoDA.Sprint5.Task3.V6.Lib", "Tyuiu.KulkoDA.Sprint5.Task3.V6.Lib\Tyuiu.KulkoDA.Sprint5.Task3.V6.Lib.csproj", "{2B18FF85-57E1-4712-B848-6919BC4A7442}"
EndProject
Project("{9A19103F-16F7-4668-BE54-9A1E7A4F7556}") = "Tyuiu.KulkoDA.Sprint5.Task3.V6.Test", "Tyuiu.KulkoDA.Sprint5.Task3.V6.Test\Tyuiu.KulkoDA.Sprint5.Task3.V6.Test.csproj", "{5316C6B3-875C-4A8B-AFB4-9DFF0FCA0545}"
EndProject
Project("{2150E333-8FDC-42A3-9474-1A3956D46DE8}") = "Task4", "Task4", "{ABB0BC03-F80B-47AE-A152-F99483EAD55D}"
EndProject
Project("{9A19103F-16F7-4668-BE54-9A1E7A4F7556}") = "Tyuiu.KulkoDA.Sprint5.Task4.V2", "Tyuiu.KulkoDA.Sprint5.Task4.V2\Tyuiu.KulkoDA.Sprint5.Task4.V2.csproj", "{1D5CF3D5-EB7D-42C8-BAB7-7D3CB1B391FF}"
EndProject
Project("{9A19103F-16F7-4668-BE54-9A1E7A4F7556}") = "Tyuiu.KulkoDA.Sprint5.Task4.V2.Lib", "Tyuiu.KulkoDA.Sprint5.Task4.V2.Lib\Tyuiu.KulkoDA.Sprint5.Task4.V2.Lib.csproj", "{0811FA01-512E-451F-8DEC-944CBB8774C1}"
EndProject
Project("{9A19103F-16F7-4668-BE54-9A1E7A4F7556}") = "Tyuiu.KulkoDA.Sprint5.Task4.V2.Test", "Tyuiu.KulkoDA.Sprint5.Task4.V2.Test\Tyuiu.KulkoDA.Sprint5.Task4.V2.Test.csproj", "{7C903CE5-19F6-47DD-854D-2D6D9947AB65}"
EndProject
Project("{2150E333-8FDC-42A3-9474-1A3956D46DE8}") = "Task5", "Task5", "{78A4A862-CCAA-4654-BB01-F32D26EB633D}"
EndProject
Project("{9A19103F-16F7-4668-BE54-9A1E7A4F7556}") = "Tyuiu.KulkoDA.Sprint5.Task5.V2", "Tyuiu.KulkoDA.Sprint5.Task5.V2\Tyuiu.KulkoDA.Sprint5.Task5.V2.csproj", "{912B392A-6CB0-4BE1-B0FB-2C072FD73B98}"
EndProject
Project("{9A19103F-16F7-4668-BE54-9A1E7A4F7556}") = "Tyuiu.KulkoDA.Sprint5.Task5.V2.Lib", "Tyuiu.KulkoDA.Sprint5.Task5.V2.Lib\Tyuiu.KulkoDA.Sprint5.Task5.V2.Lib.csproj", "{DE65DA3B-E229-4869-86DD-A326B26E3749}"
EndProject
Project("{9A19103F-16F7-4668-BE54-9A1E7A4F7556}") = "Tyuiu.KulkoDA.Sprint5.Task5.V2.Test", "Tyuiu.KulkoDA.Sprint5.Task5.V2.Test\Tyuiu.KulkoDA.Sprint5.Task5.V2.Test.csproj", "{C53993EE-6757-4D5D-9A15-21090C068129}"
EndProject
Project("{2150E333-8FDC-42A3-9474-1A3956D46DE8}") = "Task6", "Task6", "{098E60CA-A31F-45FE-9767-653EF99AC377}"
EndProject
Project("{FAE04EC0-301F-11D3-BF4B-00C04F79EFBC}") = "Tyuiu.KulkoDA.Sprint5.Task6.V10", "Tyuiu.KulkoDA.Sprint5.Task6.V10\Tyuiu.KulkoDA.Sprint5.Task6.V10.csproj", "{B59F8915-8730-4FC8-AD8B-FEBDE1C7CE0B}"
EndProject
Project("{FAE04EC0-301F-11D3-BF4B-00C04F79EFBC}") = "Tyuiu.KulkoDA.Sprint5.Task6.V10.Lib", "Tyuiu.KulkoDA.Sprint5.Task6.V10.Lib\Tyuiu.KulkoDA.Sprint5.Task6.V10.Lib.csproj", "{1598428E-2035-4BE4-91F7-50564C67586B}"
EndProject
Project("{FAE04EC0-301F-11D3-BF4B-00C04F79EFBC}") = "Tyuiu.KulkoDA.Sprint5.Task6.V10.Test", "Tyuiu.KulkoDA.Sprint5.Task6.V10.Test\Tyuiu.KulkoDA.Sprint5.Task6.V10.Test.csproj", "{607C0D0C-70B0-499B-9425-AA2C0BCEFB02}"
EndProject
Global
	GlobalSection(SolutionConfigurationPlatforms) = preSolution
		Debug|Any CPU = Debug|Any CPU
		Release|Any CPU = Release|Any CPU
	EndGlobalSection
	GlobalSection(ProjectConfigurationPlatforms) = postSolution
		{B964D452-480B-4DF8-A1E4-78C0430492B4}.Debug|Any CPU.ActiveCfg = Debug|Any CPU
		{B964D452-480B-4DF8-A1E4-78C0430492B4}.Debug|Any CPU.Build.0 = Debug|Any CPU
		{B964D452-480B-4DF8-A1E4-78C0430492B4}.Release|Any CPU.ActiveCfg = Release|Any CPU
		{B964D452-480B-4DF8-A1E4-78C0430492B4}.Release|Any CPU.Build.0 = Release|Any CPU
		{B958E0F8-BE05-42D7-9110-E0D36A6189E2}.Debug|Any CPU.ActiveCfg = Debug|Any CPU
		{B958E0F8-BE05-42D7-9110-E0D36A6189E2}.Debug|Any CPU.Build.0 = Debug|Any CPU
		{B958E0F8-BE05-42D7-9110-E0D36A6189E2}.Release|Any CPU.ActiveCfg = Release|Any CPU
		{B958E0F8-BE05-42D7-9110-E0D36A6189E2}.Release|Any CPU.Build.0 = Release|Any CPU
		{EBD39D17-6A76-496B-A3D5-D66E633C02FF}.Debug|Any CPU.ActiveCfg = Debug|Any CPU
		{EBD39D17-6A76-496B-A3D5-D66E633C02FF}.Debug|Any CPU.Build.0 = Debug|Any CPU
		{EBD39D17-6A76-496B-A3D5-D66E633C02FF}.Release|Any CPU.ActiveCfg = Release|Any CPU
		{EBD39D17-6A76-496B-A3D5-D66E633C02FF}.Release|Any CPU.Build.0 = Release|Any CPU
		{CABBE315-DB3C-4C15-9251-3CB8A6D172B9}.Debug|Any CPU.ActiveCfg = Debug|Any CPU
		{CABBE315-DB3C-4C15-9251-3CB8A6D172B9}.Debug|Any CPU.Build.0 = Debug|Any CPU
		{CABBE315-DB3C-4C15-9251-3CB8A6D172B9}.Release|Any CPU.ActiveCfg = Release|Any CPU
		{CABBE315-DB3C-4C15-9251-3CB8A6D172B9}.Release|Any CPU.Build.0 = Release|Any CPU
		{E8BEFDF3-96E5-43F1-9660-F17BFF6BF4D8}.Debug|Any CPU.ActiveCfg = Debug|Any CPU
		{E8BEFDF3-96E5-43F1-9660-F17BFF6BF4D8}.Debug|Any CPU.Build.0 = Debug|Any CPU
		{E8BEFDF3-96E5-43F1-9660-F17BFF6BF4D8}.Release|Any CPU.ActiveCfg = Release|Any CPU
		{E8BEFDF3-96E5-43F1-9660-F17BFF6BF4D8}.Release|Any CPU.Build.0 = Release|Any CPU
		{F5B02C79-3A38-4E98-89C0-B87B544E4925}.Debug|Any CPU.ActiveCfg = Debug|Any CPU
		{F5B02C79-3A38-4E98-89C0-B87B544E4925}.Debug|Any CPU.Build.0 = Debug|Any CPU
		{F5B02C79-3A38-4E98-89C0-B87B544E4925}.Release|Any CPU.ActiveCfg = Release|Any CPU
		{F5B02C79-3A38-4E98-89C0-B87B544E4925}.Release|Any CPU.Build.0 = Release|Any CPU
		{1653785E-5254-4EC4-BD22-F2D6B960559D}.Debug|Any CPU.ActiveCfg = Debug|Any CPU
		{1653785E-5254-4EC4-BD22-F2D6B960559D}.Debug|Any CPU.Build.0 = Debug|Any CPU
		{1653785E-5254-4EC4-BD22-F2D6B960559D}.Release|Any CPU.ActiveCfg = Release|Any CPU
		{1653785E-5254-4EC4-BD22-F2D6B960559D}.Release|Any CPU.Build.0 = Release|Any CPU
		{AEF6096D-2417-49CB-9FD3-B7DF5007DE63}.Debug|Any CPU.ActiveCfg = Debug|Any CPU
		{AEF6096D-2417-49CB-9FD3-B7DF5007DE63}.Debug|Any CPU.Build.0 = Debug|Any CPU
		{AEF6096D-2417-49CB-9FD3-B7DF5007DE63}.Release|Any CPU.ActiveCfg = Release|Any CPU
		{AEF6096D-2417-49CB-9FD3-B7DF5007DE63}.Release|Any CPU.Build.0 = Release|Any CPU
		{39844AA4-D593-47B2-A721-7A47F615B53A}.Debug|Any CPU.ActiveCfg = Debug|Any CPU
		{39844AA4-D593-47B2-A721-7A47F615B53A}.Debug|Any CPU.Build.0 = Debug|Any CPU
		{39844AA4-D593-47B2-A721-7A47F615B53A}.Release|Any CPU.ActiveCfg = Release|Any CPU
		{39844AA4-D593-47B2-A721-7A47F615B53A}.Release|Any CPU.Build.0 = Release|Any CPU
		{F82CF990-85F1-4D29-B713-8949E0AAC50C}.Debug|Any CPU.ActiveCfg = Debug|Any CPU
		{F82CF990-85F1-4D29-B713-8949E0AAC50C}.Debug|Any CPU.Build.0 = Debug|Any CPU
		{F82CF990-85F1-4D29-B713-8949E0AAC50C}.Release|Any CPU.ActiveCfg = Release|Any CPU
		{F82CF990-85F1-4D29-B713-8949E0AAC50C}.Release|Any CPU.Build.0 = Release|Any CPU
		{2B18FF85-57E1-4712-B848-6919BC4A7442}.Debug|Any CPU.ActiveCfg = Debug|Any CPU
		{2B18FF85-57E1-4712-B848-6919BC4A7442}.Debug|Any CPU.Build.0 = Debug|Any CPU
		{2B18FF85-57E1-4712-B848-6919BC4A7442}.Release|Any CPU.ActiveCfg = Release|Any CPU
		{2B18FF85-57E1-4712-B848-6919BC4A7442}.Release|Any CPU.Build.0 = Release|Any CPU
		{5316C6B3-875C-4A8B-AFB4-9DFF0FCA0545}.Debug|Any CPU.ActiveCfg = Debug|Any CPU
		{5316C6B3-875C-4A8B-AFB4-9DFF0FCA0545}.Debug|Any CPU.Build.0 = Debug|Any CPU
		{5316C6B3-875C-4A8B-AFB4-9DFF0FCA0545}.Release|Any CPU.ActiveCfg = Release|Any CPU
		{5316C6B3-875C-4A8B-AFB4-9DFF0FCA0545}.Release|Any CPU.Build.0 = Release|Any CPU
		{1D5CF3D5-EB7D-42C8-BAB7-7D3CB1B391FF}.Debug|Any CPU.ActiveCfg = Debug|Any CPU
		{1D5CF3D5-EB7D-42C8-BAB7-7D3CB1B391FF}.Debug|Any CPU.Build.0 = Debug|Any CPU
		{1D5CF3D5-EB7D-42C8-BAB7-7D3CB1B391FF}.Release|Any CPU.ActiveCfg = Release|Any CPU
		{1D5CF3D5-EB7D-42C8-BAB7-7D3CB1B391FF}.Release|Any CPU.Build.0 = Release|Any CPU
		{0811FA01-512E-451F-8DEC-944CBB8774C1}.Debug|Any CPU.ActiveCfg = Debug|Any CPU
		{0811FA01-512E-451F-8DEC-944CBB8774C1}.Debug|Any CPU.Build.0 = Debug|Any CPU
		{0811FA01-512E-451F-8DEC-944CBB8774C1}.Release|Any CPU.ActiveCfg = Release|Any CPU
		{0811FA01-512E-451F-8DEC-944CBB8774C1}.Release|Any CPU.Build.0 = Release|Any CPU
		{7C903CE5-19F6-47DD-854D-2D6D9947AB65}.Debug|Any CPU.ActiveCfg = Debug|Any CPU
		{7C903CE5-19F6-47DD-854D-2D6D9947AB65}.Debug|Any CPU.Build.0 = Debug|Any CPU
		{7C903CE5-19F6-47DD-854D-2D6D9947AB65}.Release|Any CPU.ActiveCfg = Release|Any CPU
		{7C903CE5-19F6-47DD-854D-2D6D9947AB65}.Release|Any CPU.Build.0 = Release|Any CPU
		{912B392A-6CB0-4BE1-B0FB-2C072FD73B98}.Debug|Any CPU.ActiveCfg = Debug|Any CPU
		{912B392A-6CB0-4BE1-B0FB-2C072FD73B98}.Debug|Any CPU.Build.0 = Debug|Any CPU
		{912B392A-6CB0-4BE1-B0FB-2C072FD73B98}.Release|Any CPU.ActiveCfg = Release|Any CPU
		{912B392A-6CB0-4BE1-B0FB-2C072FD73B98}.Release|Any CPU.Build.0 = Release|Any CPU
		{DE65DA3B-E229-4869-86DD-A326B26E3749}.Debug|Any CPU.ActiveCfg = Debug|Any CPU
		{DE65DA3B-E229-4869-86DD-A326B26E3749}.Debug|Any CPU.Build.0 = Debug|Any CPU
		{DE65DA3B-E229-4869-86DD-A326B26E3749}.Release|Any CPU.ActiveCfg = Release|Any CPU
		{DE65DA3B-E229-4869-86DD-A326B26E3749}.Release|Any CPU.Build.0 = Release|Any CPU
		{C53993EE-6757-4D5D-9A15-21090C068129}.Debug|Any CPU.ActiveCfg = Debug|Any CPU
		{C53993EE-6757-4D5D-9A15-21090C068129}.Debug|Any CPU.Build.0 = Debug|Any CPU
		{C53993EE-6757-4D5D-9A15-21090C068129}.Release|Any CPU.ActiveCfg = Release|Any CPU
		{C53993EE-6757-4D5D-9A15-21090C068129}.Release|Any CPU.Build.0 = Release|Any CPU
		{B59F8915-8730-4FC8-AD8B-FEBDE1C7CE0B}.Debug|Any CPU.ActiveCfg = Debug|Any CPU
		{B59F8915-8730-4FC8-AD8B-FEBDE1C7CE0B}.Debug|Any CPU.Build.0 = Debug|Any CPU
		{B59F8915-8730-4FC8-AD8B-FEBDE1C7CE0B}.Release|Any CPU.ActiveCfg = Release|Any CPU
		{B59F8915-8730-4FC8-AD8B-FEBDE1C7CE0B}.Release|Any CPU.Build.0 = Release|Any CPU
		{1598428E-2035-4BE4-91F7-50564C67586B}.Debug|Any CPU.ActiveCfg = Debug|Any CPU
		{1598428E-2035-4BE4-91F7-50564C67586B}.Debug|Any CPU.Build.0 = Debug|Any CPU
		{1598428E-2035-4BE4-91F7-50564C67586B}.Release|Any CPU.ActiveCfg = Release|Any CPU
		{1598428E-2035-4BE4-91F7-50564C67586B}.Release|Any CPU.Build.0 = Release|Any CPU
		{607C0D0C-70B0-499B-9425-AA2C0BCEFB02}.Debug|Any CPU.ActiveCfg = Debug|Any CPU
		{607C0D0C-70B0-499B-9425-AA2C0BCEFB02}.Debug|Any CPU.Build.0 = Debug|Any CPU
		{607C0D0C-70B0-499B-9425-AA2C0BCEFB02}.Release|Any CPU.ActiveCfg = Release|Any CPU
		{607C0D0C-70B0-499B-9425-AA2C0BCEFB02}.Release|Any CPU.Build.0 = Release|Any CPU
	EndGlobalSection
	GlobalSection(SolutionProperties) = preSolution
		HideSolutionNode = FALSE
	EndGlobalSection
	GlobalSection(NestedProjects) = preSolution
		{B964D452-480B-4DF8-A1E4-78C0430492B4} = {5D385A14-B727-4EC1-BE15-3C68A70E996B}
		{B958E0F8-BE05-42D7-9110-E0D36A6189E2} = {5D385A14-B727-4EC1-BE15-3C68A70E996B}
		{EBD39D17-6A76-496B-A3D5-D66E633C02FF} = {5D385A14-B727-4EC1-BE15-3C68A70E996B}
		{CABBE315-DB3C-4C15-9251-3CB8A6D172B9} = {D9CCE1E0-D042-4D3E-94F0-7AE538EAAFCD}
		{E8BEFDF3-96E5-43F1-9660-F17BFF6BF4D8} = {D9CCE1E0-D042-4D3E-94F0-7AE538EAAFCD}
		{F5B02C79-3A38-4E98-89C0-B87B544E4925} = {D9CCE1E0-D042-4D3E-94F0-7AE538EAAFCD}
		{1653785E-5254-4EC4-BD22-F2D6B960559D} = {F7E5FE6F-6BD7-4239-A3F9-2E1B01B0F66F}
		{AEF6096D-2417-49CB-9FD3-B7DF5007DE63} = {F7E5FE6F-6BD7-4239-A3F9-2E1B01B0F66F}
		{39844AA4-D593-47B2-A721-7A47F615B53A} = {F7E5FE6F-6BD7-4239-A3F9-2E1B01B0F66F}
		{F82CF990-85F1-4D29-B713-8949E0AAC50C} = {E2DF475A-8085-495B-B58E-44376D381745}
		{2B18FF85-57E1-4712-B848-6919BC4A7442} = {E2DF475A-8085-495B-B58E-44376D381745}
		{5316C6B3-875C-4A8B-AFB4-9DFF0FCA0545} = {E2DF475A-8085-495B-B58E-44376D381745}
		{1D5CF3D5-EB7D-42C8-BAB7-7D3CB1B391FF} = {ABB0BC03-F80B-47AE-A152-F99483EAD55D}
		{0811FA01-512E-451F-8DEC-944CBB8774C1} = {ABB0BC03-F80B-47AE-A152-F99483EAD55D}
		{7C903CE5-19F6-47DD-854D-2D6D9947AB65} = {ABB0BC03-F80B-47AE-A152-F99483EAD55D}
		{912B392A-6CB0-4BE1-B0FB-2C072FD73B98} = {78A4A862-CCAA-4654-BB01-F32D26EB633D}
		{DE65DA3B-E229-4869-86DD-A326B26E3749} = {78A4A862-CCAA-4654-BB01-F32D26EB633D}
		{C53993EE-6757-4D5D-9A15-21090C068129} = {78A4A862-CCAA-4654-BB01-F32D26EB633D}
		{B59F8915-8730-4FC8-AD8B-FEBDE1C7CE0B} = {098E60CA-A31F-45FE-9767-653EF99AC377}
		{1598428E-2035-4BE4-91F7-50564C67586B} = {098E60CA-A31F-45FE-9767-653EF99AC377}
		{607C0D0C-70B0-499B-9425-AA2C0BCEFB02} = {098E60CA-A31F-45FE-9767-653EF99AC377}
	EndGlobalSection
	GlobalSection(ExtensibilityGlobals) = postSolution
		SolutionGuid = {FB2E5A97-9E53-4D21-AEBA-B93E59ECD9AF}
	EndGlobalSection
EndGlobal
